
Microsoft Visual Studio Solution File, Format Version 12.00
# Visual Studio Version 16
VisualStudioVersion = 16.0.31321.278
MinimumVisualStudioVersion = 10.0.40219.1
Project("{FAE04EC0-301F-11D3-BF4B-00C04F79EFBC}") = "FaceReco", "FaceReco\FaceReco.csproj", "{6352C80E-332A-42CA-A415-9BC7F1A5C65D}"
EndProject
Global
	GlobalSection(SolutionConfigurationPlatforms) = preSolution
		Debug|Any CPU = Debug|Any CPU
		Release|Any CPU = Release|Any CPU
	EndGlobalSection
	GlobalSection(ProjectConfigurationPlatforms) = postSolution
		{6352C80E-332A-42CA-A415-9BC7F1A5C65D}.Debug|Any CPU.ActiveCfg = Debug|Any CPU
		{6352C80E-332A-42CA-A415-9BC7F1A5C65D}.Debug|Any CPU.Build.0 = Debug|Any CPU
		{6352C80E-332A-42CA-A415-9BC7F1A5C65D}.Release|Any CPU.ActiveCfg = Release|Any CPU
		{6352C80E-332A-42CA-A415-9BC7F1A5C65D}.Release|Any CPU.Build.0 = Release|Any CPU
	EndGlobalSection
	GlobalSection(SolutionProperties) = preSolution
		HideSolutionNode = FALSE
	EndGlobalSection
	GlobalSection(ExtensibilityGlobals) = postSolution
		SolutionGuid = {8C7745AE-EC01-444E-94A2-2259EF8980CE}
	EndGlobalSection
EndGlobal
